{
  "name": "mock_program",
  "version": "0.0.1",
  "lockfileVersion": 1,
  "requires": true,
  "dependencies": {
    "lin-ui": {
      "version": "0.7.2",
      "resolved": "https://registry.npm.taobao.org/lin-ui/download/lin-ui-0.7.2.tgz",
      "integrity": "sha1-F1/+/kO4W/Q39nKHL6E669i4GMU="
    }
  }
}
